
Microsoft Visual Studio Solution File, Format Version 12.00
# Visual Studio Version 17
VisualStudioVersion = 17.14.37710.0 d17.14
MinimumVisualStudioVersion = 10.0.40219.1
Project("{FAE04EC0-301F-11D3-BF4B-00C04F79EFBC}") = "assingment1", "assingment1\assingment1.csproj", "{B7458A42-7299-4ABE-AC27-265A02A31C38}"
EndProject
Global
	GlobalSection(SolutionConfigurationPlatforms) = preSolution
		Debug|Any CPU = Debug|Any CPU
		Release|Any CPU = Release|Any CPU
	EndGlobalSection
	GlobalSection(ProjectConfigurationPlatforms) = postSolution
		{B7458A42-7299-4ABE-AC27-265A02A31C38}.Debug|Any CPU.ActiveCfg = Debug|Any CPU
		{B7458A42-7299-4ABE-AC27-265A02A31C38}.Debug|Any CPU.Build.0 = Debug|Any CPU
		{B7458A42-7299-4ABE-AC27-265A02A31C38}.Release|Any CPU.ActiveCfg = Release|Any CPU
		{B7458A42-7299-4ABE-AC27-265A02A31C38}.Release|Any CPU.Build.0 = Release|Any CPU
	EndGlobalSection
	GlobalSection(SolutionProperties) = preSolution
		HideSolutionNode = FALSE
	EndGlobalSection
	GlobalSection(ExtensibilityGlobals) = postSolution
		SolutionGuid = {7A90418A-8943-44FF-AE15-716B254DBF63}
	EndGlobalSection
EndGlobal
